
Microsoft Visual Studio Solution File, Format Version 12.00
# Visual Studio Version 16
VisualStudioVersion = 16.0.29806.167
MinimumVisualStudioVersion = 15.0.26124.0
Project("{9A19103F-16F7-4668-BE54-9A1E7A4F7556}") = "Idp.Server", "Idp.Server\Idp.Server.csproj", "{C070B88D-537B-4C0C-8647-F8173C465683}"
EndProject
Global
	GlobalSection(SolutionConfigurationPlatforms) = preSolution
		Debug|Any CPU = Debug|Any CPU
		Debug|x64 = Debug|x64
		Debug|x86 = Debug|x86
		Release|Any CPU = Release|Any CPU
		Release|x64 = Release|x64
		Release|x86 = Release|x86
	EndGlobalSection
	GlobalSection(ProjectConfigurationPlatforms) = postSolution
		{C070B88D-537B-4C0C-8647-F8173C465683}.Debug|Any CPU.ActiveCfg = Debug|Any CPU
		{C070B88D-537B-4C0C-8647-F8173C465683}.Debug|Any CPU.Build.0 = Debug|Any CPU
		{C070B88D-537B-4C0C-8647-F8173C465683}.Debug|x64.ActiveCfg = Debug|Any CPU
		{C070B88D-537B-4C0C-8647-F8173C465683}.Debug|x64.Build.0 = Debug|Any CPU
		{C070B88D-537B-4C0C-8647-F8173C465683}.Debug|x86.ActiveCfg = Debug|Any CPU
		{C070B88D-537B-4C0C-8647-F8173C465683}.Debug|x86.Build.0 = Debug|Any CPU
		{C070B88D-537B-4C0C-8647-F8173C465683}.Release|Any CPU.ActiveCfg = Release|Any CPU
		{C070B88D-537B-4C0C-8647-F8173C465683}.Release|Any CPU.Build.0 = Release|Any CPU
		{C070B88D-537B-4C0C-8647-F8173C465683}.Release|x64.ActiveCfg = Release|Any CPU
		{C070B88D-537B-4C0C-8647-F8173C465683}.Release|x64.Build.0 = Release|Any CPU
		{C070B88D-537B-4C0C-8647-F8173C465683}.Release|x86.ActiveCfg = Release|Any CPU
		{C070B88D-537B-4C0C-8647-F8173C465683}.Release|x86.Build.0 = Release|Any CPU
	EndGlobalSection
	GlobalSection(SolutionProperties) = preSolution
		HideSolutionNode = FALSE
	EndGlobalSection
	GlobalSection(ExtensibilityGlobals) = postSolution
		SolutionGuid = {B7BCFD97-B8A3-4AA2-87E4-79ED122C516C}
	EndGlobalSection
EndGlobal
